
Microsoft Visual Studio Solution File, Format Version 12.00
# Visual Studio Version 17
VisualStudioVersion = 17.13.35931.197 d17.13
MinimumVisualStudioVersion = 10.0.40219.1
Project("{FAE04EC0-301F-11D3-BF4B-00C04F79EFBC}") = "HelloWorld", "HelloWorld\HelloWorld.csproj", "{BF6B80AA-AD92-4B68-B744-F0FD3AB27D5A}"
EndProject
Global
	GlobalSection(SolutionConfigurationPlatforms) = preSolution
		Debug|Any CPU = Debug|Any CPU
		Release|Any CPU = Release|Any CPU
	EndGlobalSection
	GlobalSection(ProjectConfigurationPlatforms) = postSolution
		{BF6B80AA-AD92-4B68-B744-F0FD3AB27D5A}.Debug|Any CPU.ActiveCfg = Debug|Any CPU
		{BF6B80AA-AD92-4B68-B744-F0FD3AB27D5A}.Debug|Any CPU.Build.0 = Debug|Any CPU
		{BF6B80AA-AD92-4B68-B744-F0FD3AB27D5A}.Release|Any CPU.ActiveCfg = Release|Any CPU
		{BF6B80AA-AD92-4B68-B744-F0FD3AB27D5A}.Release|Any CPU.Build.0 = Release|Any CPU
	EndGlobalSection
	GlobalSection(SolutionProperties) = preSolution
		HideSolutionNode = FALSE
	EndGlobalSection
	GlobalSection(ExtensibilityGlobals) = postSolution
		SolutionGuid = {73ADD939-8D25-4099-B425-04013C239277}
	EndGlobalSection
EndGlobal
